
Microsoft Visual Studio Solution File, Format Version 12.00
# Visual Studio Version 16
VisualStudioVersion = 16.0.31005.135
MinimumVisualStudioVersion = 10.0.40219.1
Project("{FAE04EC0-301F-11D3-BF4B-00C04F79EFBC}") = "OSwan_TheatreApp", "OSwan_TheatreApp\OSwan_TheatreApp.csproj", "{C8CCEF28-D127-4A52-B5B6-D29E1AB0512F}"
EndProject
Global
	GlobalSection(SolutionConfigurationPlatforms) = preSolution
		Debug|Any CPU = Debug|Any CPU
		Release|Any CPU = Release|Any CPU
	EndGlobalSection
	GlobalSection(ProjectConfigurationPlatforms) = postSolution
		{C8CCEF28-D127-4A52-B5B6-D29E1AB0512F}.Debug|Any CPU.ActiveCfg = Debug|Any CPU
		{C8CCEF28-D127-4A52-B5B6-D29E1AB0512F}.Debug|Any CPU.Build.0 = Debug|Any CPU
		{C8CCEF28-D127-4A52-B5B6-D29E1AB0512F}.Release|Any CPU.ActiveCfg = Release|Any CPU
		{C8CCEF28-D127-4A52-B5B6-D29E1AB0512F}.Release|Any CPU.Build.0 = Release|Any CPU
	EndGlobalSection
	GlobalSection(SolutionProperties) = preSolution
		HideSolutionNode = FALSE
	EndGlobalSection
	GlobalSection(ExtensibilityGlobals) = postSolution
		SolutionGuid = {BE2789AB-1465-4C91-95B4-D61E50CA21B6}
	EndGlobalSection
EndGlobal
